# THIS IS AN AUTOGENERATED FILE. DO NOT EDIT THIS FILE DIRECTLY.
# yarn lockfile v1


"@glennsl/bs-json@^5.0.1":
  version "5.0.1"
  resolved "https://registry.yarnpkg.com/@glennsl/bs-json/-/bs-json-5.0.1.tgz#b19d0b45f4a80d52e6bfefa032ac99f4548f3083"
  integrity sha512-tDxqeO4LCUz3HIwsdqyM4OIUk/bIV8QwDuhNbqy3hHIVEciePbJXTSyXMKsoIFs3ukQY8ZsQXskONtOK4TyLfA==

bs-platform@^5.0.6:
  version "5.0.6"
  resolved "https://registry.yarnpkg.com/bs-platform/-/bs-platform-5.0.6.tgz#88c13041fb020479800de3d82c680bf971091425"
  integrity sha512-6Boa2VEcWJp2WJr38L7bp3J929nYha7gDarjxb070jWzgfPJ/WbzjipmSfnu2eqqk1MfjEIpBipbPz6n1NISwA==

requery-abstract@^0.8.1:
  version "0.8.1"
  resolved "https://registry.yarnpkg.com/requery-abstract/-/requery-abstract-0.8.1.tgz#07c6677770eeb19eaae924b067984bb02c016b47"
  integrity sha512-wGoODRunUVIweJ79TT+mUegBIu0olEkN85uiYeTA4RBbLxktLiZxEJvHzbf9+jMfx2LEf9BFWH9akJ6tvWXthQ==
  dependencies:
    "@glennsl/bs-json" "^5.0.1"
    bs-platform "^5.0.6"
